Microsoft Visual Studio Solution File, Format Version 12.00
# Visual Studio 15
VisualStudioVersion = 15.0.28307.271
MinimumVisualStudioVersion = 10.0.40219.1
Project("{FAE04EC0-301F-11D3-BF4B-00C04F79EFBC}") = "week2.Android", "week2.Android\week2.Android.csproj", "{24CE3C36-16B9-426D-AA0C-5961ECF8D88C}"
EndProject
Project("{FAE04EC0-301F-11D3-BF4B-00C04F79EFBC}") = "week2.iOS", "week2.iOS\week2.iOS.csproj", "{086B3519-D4DA-43EB-B68F-4DB5193B03B4}"
EndProject
Project("{D954291E-2A0B-460D-934E-DC6B0785DB48}") = "week2", "week2\week2.shproj", "{4C3DEAC6-ABF1-4E0B-AEDB-DB38B3F9F93B}"
EndProject
Global
	GlobalSection(SharedMSBuildProjectFiles) = preSolution
		week2\week2.projitems*{086b3519-d4da-43eb-b68f-4db5193b03b4}*SharedItemsImports = 4
		week2\week2.projitems*{24ce3c36-16b9-426d-aa0c-5961ecf8d88c}*SharedItemsImports = 4
		week2\week2.projitems*{4c3deac6-abf1-4e0b-aedb-db38b3f9f93b}*SharedItemsImports = 13
	EndGlobalSection
	GlobalSection(SolutionConfigurationPlatforms) = preSolution
		Debug|Any CPU = Debug|Any CPU
		Debug|iPhone = Debug|iPhone
		Debug|iPhoneSimulator = Debug|iPhoneSimulator
		Release|Any CPU = Release|Any CPU
		Release|iPhone = Release|iPhone
		Release|iPhoneSimulator = Release|iPhoneSimulator
	EndGlobalSection
	GlobalSection(ProjectConfigurationPlatforms) = postSolution
		{24CE3C36-16B9-426D-AA0C-5961ECF8D88C}.Debug|Any CPU.ActiveCfg = Debug|Any CPU
		{24CE3C36-16B9-426D-AA0C-5961ECF8D88C}.Debug|Any CPU.Build.0 = Debug|Any CPU
		{24CE3C36-16B9-426D-AA0C-5961ECF8D88C}.Debug|Any CPU.Deploy.0 = Debug|Any CPU
		{24CE3C36-16B9-426D-AA0C-5961ECF8D88C}.Debug|iPhone.ActiveCfg = Debug|Any CPU
		{24CE3C36-16B9-426D-AA0C-5961ECF8D88C}.Debug|iPhone.Build.0 = Debug|Any CPU
		{24CE3C36-16B9-426D-AA0C-5961ECF8D88C}.Debug|iPhoneSimulator.ActiveCfg = Debug|Any CPU
		{24CE3C36-16B9-426D-AA0C-5961ECF8D88C}.Debug|iPhoneSimulator.Build.0 = Debug|Any CPU
		{24CE3C36-16B9-426D-AA0C-5961ECF8D88C}.Release|Any CPU.ActiveCfg = Release|Any CPU
		{24CE3C36-16B9-426D-AA0C-5961ECF8D88C}.Release|Any CPU.Build.0 = Release|Any CPU
		{24CE3C36-16B9-426D-AA0C-5961ECF8D88C}.Release|iPhone.ActiveCfg = Release|Any CPU
		{24CE3C36-16B9-426D-AA0C-5961ECF8D88C}.Release|iPhone.Build.0 = Release|Any CPU
		{24CE3C36-16B9-426D-AA0C-5961ECF8D88C}.Release|iPhoneSimulator.ActiveCfg = Release|Any CPU
		{24CE3C36-16B9-426D-AA0C-5961ECF8D88C}.Release|iPhoneSimulator.Build.0 = Release|Any CPU
		{086B3519-D4DA-43EB-B68F-4DB5193B03B4}.Debug|Any CPU.ActiveCfg = Debug|iPhoneSimulator
		{086B3519-D4DA-43EB-B68F-4DB5193B03B4}.Debug|Any CPU.Build.0 = Debug|iPhoneSimulator
		{086B3519-D4DA-43EB-B68F-4DB5193B03B4}.Debug|iPhone.ActiveCfg = Debug|iPhone
		{086B3519-D4DA-43EB-B68F-4DB5193B03B4}.Debug|iPhone.Build.0 = Debug|iPhone
		{086B3519-D4DA-43EB-B68F-4DB5193B03B4}.Debug|iPhoneSimulator.ActiveCfg = Debug|iPhoneSimulator
		{086B3519-D4DA-43EB-B68F-4DB5193B03B4}.Debug|iPhoneSimulator.Build.0 = Debug|iPhoneSimulator
		{086B3519-D4DA-43EB-B68F-4DB5193B03B4}.Release|Any CPU.ActiveCfg = Release|iPhoneSimulator
		{086B3519-D4DA-43EB-B68F-4DB5193B03B4}.Release|Any CPU.Build.0 = Release|iPhoneSimulator
		{086B3519-D4DA-43EB-B68F-4DB5193B03B4}.Release|iPhone.ActiveCfg = Release|iPhone
		{086B3519-D4DA-43EB-B68F-4DB5193B03B4}.Release|iPhone.Build.0 = Release|iPhone
		{086B3519-D4DA-43EB-B68F-4DB5193B03B4}.Release|iPhoneSimulator.ActiveCfg = Release|iPhoneSimulator
		{086B3519-D4DA-43EB-B68F-4DB5193B03B4}.Release|iPhoneSimulator.Build.0 = Release|iPhoneSimulator
	EndGlobalSection
	GlobalSection(SolutionProperties) = preSolution
		HideSolutionNode = FALSE
	EndGlobalSection
	GlobalSection(ExtensibilityGlobals) = postSolution
		SolutionGuid = {35806AA6-82C7-4E2B-8412-9E1AF70C2108}
	EndGlobalSection
EndGlobal
